// !$*UTF8*$!
{
	archiveVersion = 1;
	classes = {
	};
	objectVersion = 46;
	objects = {

/* Begin PBXBuildFile section */
		AD68237A1B3F139F00793B11 /* file-page1.png in Resources */ = {isa = PBXBuildFile; fileRef = AD6823791B3F139F00793B11 /* file-page1.png */; };
		AD8F9AA61B33BAC500AC21D8 /* Controller.swift in Sources */ = {isa = PBXBuildFile; fileRef = AD8F9AA51B33BAC500AC21D8 /* Controller.swift */; };
		ADA0E8E61B1ADD0200AFB858 /* AppDelegate.swift in Sources */ = {isa = PBXBuildFile; fileRef = ADA0E8E51B1ADD0200AFB858 /* AppDelegate.swift */; };
		ADA0E8E81B1ADD0200AFB858 /* ViewController.swift in Sources */ = {isa = PBXBuildFile; fileRef = ADA0E8E71B1ADD0200AFB858 /* ViewController.swift */; };
		ADA0E8ED1B1ADD0200AFB858 /* Images.xcassets in Resources */ = {isa = PBXBuildFile; fileRef = ADA0E8EC1B1ADD0200AFB858 /* Images.xcassets */; };
		ADA0E8F01B1ADD0200AFB858 /* LaunchScreen.xib in Resources */ = {isa = PBXBuildFile; fileRef = ADA0E8EE1B1ADD0200AFB858 /* LaunchScreen.xib */; };
		ADA0E8FC1B1ADD0300AFB858 /* SFUMapsTests.swift in Sources */ = {isa = PBXBuildFile; fileRef = ADA0E8FB1B1ADD0300AFB858 /* SFUMapsTests.swift */; };
		ADA0E90A1B1BAB9800AFB858 /* Main.storyboard in Resources */ = {isa = PBXBuildFile; fileRef = ADA0E9091B1BAB9800AFB858 /* Main.storyboard */; };
		BE6D61097747773DA4C58A8D /* libPods-SFUMaps.a in Frameworks */ = {isa = PBXBuildFile; fileRef = 4FE98BADE437F0BEACAC1C6A /* libPods-SFUMaps.a */; };
/* End PBXBuildFile section */

/* Begin PBXContainerItemProxy section */
		ADA0E8F61B1ADD0300AFB858 /* PBXContainerItemProxy */ = {
			isa = PBXContainerItemProxy;
			containerPortal = ADA0E8D81B1ADD0200AFB858 /* Project object */;
			proxyType = 1;
			remoteGlobalIDString = ADA0E8DF1B1ADD0200AFB858;
			remoteInfo = SFUMaps;
		};
/* End PBXContainerItemProxy section */

/* Begin PBXFileReference section */
		11E1A5AAB1005FD983A601EB /* Pods-SFUMaps.release.xcconfig */ = {isa = PBXFileReference; includeInIndex = 1; lastKnownFileType = text.xcconfig; name = "Pods-SFUMaps.release.xcconfig"; path = "Pods/Target Support Files/Pods-SFUMaps/Pods-SFUMaps.release.xcconfig"; sourceTree = "<group>"; };
		4FE98BADE437F0BEACAC1C6A /* libPods-SFUMaps.a */ = {isa = PBXFileReference; explicitFileType = archive.ar; includeInIndex = 0; path = "libPods-SFUMaps.a"; sourceTree = BUILT_PRODUCTS_DIR; };
		AD6823791B3F139F00793B11 /* file-page1.png */ = {isa = PBXFileReference; lastKnownFileType = image.png; name = "file-page1.png"; path = "Images.xcassets/Image.imageset/file-page1.png"; sourceTree = "<group>"; };
		AD8F9AA51B33BAC500AC21D8 /* Controller.swift */ = {isa = PBXFileReference; fileEncoding = 4; lastKnownFileType = sourcecode.swift; path = Controller.swift; sourceTree = "<group>"; };
		ADA0E8E01B1ADD0200AFB858 /* SFUMaps.app */ = {isa = PBXFileReference; explicitFileType = wrapper.application; includeInIndex = 0; path = SFUMaps.app; sourceTree = BUILT_PRODUCTS_DIR; };
		ADA0E8E41B1ADD0200AFB858 /* Info.plist */ = {isa = PBXFileReference; lastKnownFileType = text.plist.xml; path = Info.plist; sourceTree = "<group>"; };
		ADA0E8E51B1ADD0200AFB858 /* AppDelegate.swift */ = {isa = PBXFileReference; lastKnownFileType = sourcecode.swift; path = AppDelegate.swift; sourceTree = "<group>"; };
		ADA0E8E71B1ADD0200AFB858 /* ViewController.swift */ = {isa = PBXFileReference; lastKnownFileType = sourcecode.swift; path = ViewController.swift; sourceTree = "<group>"; };
		ADA0E8EC1B1ADD0200AFB858 /* Images.xcassets */ = {isa = PBXFileReference; lastKnownFileType = folder.assetcatalog; path = Images.xcassets; sourceTree = "<group>"; };
		ADA0E8EF1B1ADD0200AFB858 /* Base */ = {isa = PBXFileReference; lastKnownFileType = file.xib; name = Base; path = Base.lproj/LaunchScreen.xib; sourceTree = "<group>"; };
		ADA0E8F51B1ADD0300AFB858 /* SFUMapsTests.xctest */ = {isa = PBXFileReference; explicitFileType = wrapper.cfbundle; includeInIndex = 0; path = SFUMapsTests.xctest; sourceTree = BUILT_PRODUCTS_DIR; };
		ADA0E8FA1B1ADD0300AFB858 /* Info.plist */ = {isa = PBXFileReference; lastKnownFileType = text.plist.xml; path = Info.plist; sourceTree = "<group>"; };
		ADA0E8FB1B1ADD0300AFB858 /* SFUMapsTests.swift */ = {isa = PBXFileReference; lastKnownFileType = sourcecode.swift; path = SFUMapsTests.swift; sourceTree = "<group>"; };
		ADA0E9051B1B947000AFB858 /* SFUMaps-Bridging-Header.h */ = {isa = PBXFileReference; lastKnownFileType = sourcecode.c.h; path = "SFUMaps-Bridging-Header.h"; sourceTree = "<group>"; };
		ADA0E9091B1BAB9800AFB858 /* Main.storyboard */ = {isa = PBXFileReference; fileEncoding = 4; lastKnownFileType = file.storyboard; path = Main.storyboard; sourceTree = "<group>"; };
		F17931545FBBDE043BC4C3B2 /* Pods-SFUMaps.debug.xcconfig */ = {isa = PBXFileReference; includeInIndex = 1; lastKnownFileType = text.xcconfig; name = "Pods-SFUMaps.debug.xcconfig"; path = "Pods/Target Support Files/Pods-SFUMaps/Pods-SFUMaps.debug.xcconfig"; sourceTree = "<group>"; };
/* End PBXFileReference section */

/* Begin PBXFrameworksBuildPhase section */
		ADA0E8DD1B1ADD0200AFB858 /* Frameworks */ = {
			isa = PBXFrameworksBuildPhase;
			buildActionMask = 2147483647;
			files = (
				BE6D61097747773DA4C58A8D /* libPods-SFUMaps.a in Frameworks */,
			);
			runOnlyForDeploymentPostprocessing = 0;
		};
		ADA0E8F21B1ADD0300AFB858 /* Frameworks */ = {
			isa = PBXFrameworksBuildPhase;
			buildActionMask = 2147483647;
			files = (
			);
			runOnlyForDeploymentPostprocessing = 0;
		};
/* End PBXFrameworksBuildPhase section */

/* Begin PBXGroup section */
		5DB15EDC5CB1C28853CD3D09 /* Pods */ = {
			isa = PBXGroup;
			children = (
				F17931545FBBDE043BC4C3B2 /* Pods-SFUMaps.debug.xcconfig */,
				11E1A5AAB1005FD983A601EB /* Pods-SFUMaps.release.xcconfig */,
			);
			name = Pods;
			sourceTree = "<group>";
		};
		ADA0E8D71B1ADD0200AFB858 = {
			isa = PBXGroup;
			children = (
				ADA0E8E21B1ADD0200AFB858 /* SFUMaps */,
				ADA0E8F81B1ADD0300AFB858 /* SFUMapsTests */,
				ADA0E8E11B1ADD0200AFB858 /* Products */,
				EF9ADD84724AA2207A9314D3 /* Frameworks */,
				5DB15EDC5CB1C28853CD3D09 /* Pods */,
			);
			sourceTree = "<group>";
		};
		ADA0E8E11B1ADD0200AFB858 /* Products */ = {
			isa = PBXGroup;
			children = (
				ADA0E8E01B1ADD0200AFB858 /* SFUMaps.app */,
				ADA0E8F51B1ADD0300AFB858 /* SFUMapsTests.xctest */,
			);
			name = Products;
			sourceTree = "<group>";
		};
		ADA0E8E21B1ADD0200AFB858 /* SFUMaps */ = {
			isa = PBXGroup;
			children = (
				AD6823791B3F139F00793B11 /* file-page1.png */,
				ADA0E8E51B1ADD0200AFB858 /* AppDelegate.swift */,
				ADA0E8E71B1ADD0200AFB858 /* ViewController.swift */,
				AD8F9AA51B33BAC500AC21D8 /* Controller.swift */,
				ADA0E8EC1B1ADD0200AFB858 /* Images.xcassets */,
				ADA0E9091B1BAB9800AFB858 /* Main.storyboard */,
				ADA0E8EE1B1ADD0200AFB858 /* LaunchScreen.xib */,
				ADA0E8E31B1ADD0200AFB858 /* Supporting Files */,
				ADA0E9051B1B947000AFB858 /* SFUMaps-Bridging-Header.h */,
			);
			path = SFUMaps;
			sourceTree = "<group>";
		};
		ADA0E8E31B1ADD0200AFB858 /* Supporting Files */ = {
			isa = PBXGroup;
			children = (
				ADA0E8E41B1ADD0200AFB858 /* Info.plist */,
			);
			name = "Supporting Files";
			sourceTree = "<group>";
		};
		ADA0E8F81B1ADD0300AFB858 /* SFUMapsTests */ = {
			isa = PBXGroup;
			children = (
				ADA0E8FB1B1ADD0300AFB858 /* SFUMapsTests.swift */,
				ADA0E8F91B1ADD0300AFB858 /* Supporting Files */,
			);
			path = SFUMapsTests;
			sourceTree = "<group>";
		};
		ADA0E8F91B1ADD0300AFB858 /* Supporting Files */ = {
			isa = PBXGroup;
			children = (
				ADA0E8FA1B1ADD0300AFB858 /* Info.plist */,
			);
			name = "Supporting Files";
			sourceTree = "<group>";
		};
		EF9ADD84724AA2207A9314D3 /* Frameworks */ = {
			isa = PBXGroup;
			children = (
				4FE98BADE437F0BEACAC1C6A /* libPods-SFUMaps.a */,
			);
			name = Frameworks;
			sourceTree = "<group>";
		};
/* End PBXGroup section */

/* Begin PBXNativeTarget section */
		ADA0E8DF1B1ADD0200AFB858 /* SFUMaps */ = {
			isa = PBXNativeTarget;
			buildConfigurationList = ADA0E8FF1B1ADD0300AFB858 /* Build configuration list for PBXNativeTarget "SFUMaps" */;
			buildPhases = (
				4288C0146024766426ED8BC1 /* Check Pods Manifest.lock */,
				ADA0E8DC1B1ADD0200AFB858 /* Sources */,
				ADA0E8DD1B1ADD0200AFB858 /* Frameworks */,
				ADA0E8DE1B1ADD0200AFB858 /* Resources */,
				9A536E828564CF7B09B6119A /* Copy Pods Resources */,
			);
			buildRules = (
			);
			dependencies = (
			);
			name = SFUMaps;
			productName = SFUMaps;
			productReference = ADA0E8E01B1ADD0200AFB858 /* SFUMaps.app */;
			productType = "com.apple.product-type.application";
		};
		ADA0E8F41B1ADD0300AFB858 /* SFUMapsTests */ = {
			isa = PBXNativeTarget;
			buildConfigurationList = ADA0E9021B1ADD0300AFB858 /* Build configuration list for PBXNativeTarget "SFUMapsTests" */;
			buildPhases = (
				ADA0E8F11B1ADD0300AFB858 /* Sources */,
				ADA0E8F21B1ADD0300AFB858 /* Frameworks */,
				ADA0E8F31B1ADD0300AFB858 /* Resources */,
			);
			buildRules = (
			);
			dependencies = (
				ADA0E8F71B1ADD0300AFB858 /* PBXTargetDependency */,
			);
			name = SFUMapsTests;
			productName = SFUMapsTests;
			productReference = ADA0E8F51B1ADD0300AFB858 /* SFUMapsTests.xctest */;
			productType = "com.apple.product-type.bundle.unit-test";
		};
/* End PBXNativeTarget section */

/* Begin PBXProject section */
		ADA0E8D81B1ADD0200AFB858 /* Project object */ = {
			isa = PBXProject;
			attributes = {
				LastUpgradeCheck = 0630;
				ORGANIZATIONNAME = "Bosco Noronha";
				TargetAttributes = {
					ADA0E8DF1B1ADD0200AFB858 = {
						CreatedOnToolsVersion = 6.3.2;
					};
					ADA0E8F41B1ADD0300AFB858 = {
						CreatedOnToolsVersion = 6.3.2;
						TestTargetID = ADA0E8DF1B1ADD0200AFB858;
					};
				};
			};
			buildConfigurationList = ADA0E8DB1B1ADD0200AFB858 /* Build configuration list for PBXProject "SFUMaps" */;
			compatibilityVersion = "Xcode 3.2";
			developmentRegion = English;
			hasScannedForEncodings = 0;
			knownRegions = (
				en,
				Base,
			);
			mainGroup = ADA0E8D71B1ADD0200AFB858;
			productRefGroup = ADA0E8E11B1ADD0200AFB858 /* Products */;
			projectDirPath = "";
			projectRoot = "";
			targets = (
				ADA0E8DF1B1ADD0200AFB858 /* SFUMaps */,
				ADA0E8F41B1ADD0300AFB858 /* SFUMapsTests */,
			);
		};
/* End PBXProject section */

/* Begin PBXResourcesBuildPhase section */
		ADA0E8DE1B1ADD0200AFB858 /* Resources */ = {
			isa = PBXResourcesBuildPhase;
			buildActionMask = 2147483647;
			files = (
				AD68237A1B3F139F00793B11 /* file-page1.png in Resources */,
				ADA0E90A1B1BAB9800AFB858 /* Main.storyboard in Resources */,
				ADA0E8F01B1ADD0200AFB858 /* LaunchScreen.xib in Resources */,
				ADA0E8ED1B1ADD0200AFB858 /* Images.xcassets in Resources */,
			);
			runOnlyForDeploymentPostprocessing = 0;
		};
		ADA0E8F31B1ADD0300AFB858 /* Resources */ = {
			isa = PBXResourcesBuildPhase;
			buildActionMask = 2147483647;
			files = (
			);
			runOnlyForDeploymentPostprocessing = 0;
		};
/* End PBXResourcesBuildPhase section */

/* Begin PBXShellScriptBuildPhase section */
		4288C0146024766426ED8BC1 /* Check Pods Manifest.lock */ = {
			isa = PBXShellScriptBuildPhase;
			buildActionMask = 2147483647;
			files = (
			);
			inputPaths = (
			);
			name = "Check Pods Manifest.lock";
			outputPaths = (
			);
			runOnlyForDeploymentPostprocessing = 0;
			shellPath = /bin/sh;
			shellScript = "diff \"${PODS_ROOT}/../Podfile.lock\" \"${PODS_ROOT}/Manifest.lock\" > /dev/null\nif [[ $? != 0 ]] ; then\n    cat << EOM\nerror: The sandbox is not in sync with the Podfile.lock. Run 'pod install' or update your CocoaPods installation.\nEOM\n    exit 1\nfi\n";
			showEnvVarsInLog = 0;
		};
		9A536E828564CF7B09B6119A /* Copy Pods Resources */ = {
			isa = PBXShellScriptBuildPhase;
			buildActionMask = 2147483647;
			files = (
			);
			inputPaths = (
			);
			name = "Copy Pods Resources";
			outputPaths = (
			);
			runOnlyForDeploymentPostprocessing = 0;
			shellPath = /bin/sh;
			shellScript = "\"${SRCROOT}/Pods/Target Support Files/Pods-SFUMaps/Pods-SFUMaps-resources.sh\"\n";
			showEnvVarsInLog = 0;
		};
/* End PBXShellScriptBuildPhase section */

/* Begin PBXSourcesBuildPhase section */
		ADA0E8DC1B1ADD0200AFB858 /* Sources */ = {
			isa = PBXSourcesBuildPhase;
			buildActionMask = 2147483647;
			files = (
				AD8F9AA61B33BAC500AC21D8 /* Controller.swift in Sources */,
				ADA0E8E81B1ADD0200AFB858 /* ViewController.swift in Sources */,
				ADA0E8E61B1ADD0200AFB858 /* AppDelegate.swift in Sources */,
			);
			runOnlyForDeploymentPostprocessing = 0;
		};
		ADA0E8F11B1ADD0300AFB858 /* Sources */ = {
			isa = PBXSourcesBuildPhase;
			buildActionMask = 2147483647;
			files = (
				ADA0E8FC1B1ADD0300AFB858 /* SFUMapsTests.swift in Sources */,
			);
			runOnlyForDeploymentPostprocessing = 0;
		};
/* End PBXSourcesBuildPhase section */

/* Begin PBXTargetDependency section */
		ADA0E8F71B1ADD0300AFB858 /* PBXTargetDependency */ = {
			isa = PBXTargetDependency;
			target = ADA0E8DF1B1ADD0200AFB858 /* SFUMaps */;
			targetProxy = ADA0E8F61B1ADD0300AFB858 /* PBXContainerItemProxy */;
		};
/* End PBXTargetDependency section */

/* Begin PBXVariantGroup section */
		ADA0E8EE1B1ADD0200AFB858 /* LaunchScreen.xib */ = {
			isa = PBXVariantGroup;
			children = (
				ADA0E8EF1B1ADD0200AFB858 /* Base */,
			);
			name = LaunchScreen.xib;
			sourceTree = "<group>";
		};
/* End PBXVariantGroup section */

/* Begin XCBuildConfiguration section */
		ADA0E8FD1B1ADD0300AFB858 /* Debug */ = {
			isa = XCBuildConfiguration;
			buildSettings = {
				ALWAYS_SEARCH_USER_PATHS = NO;
				CLANG_CXX_LANGUAGE_STANDARD = "gnu++0x";
				CLANG_CXX_LIBRARY = "libc++";
				CLANG_ENABLE_MODULES = YES;
				CLANG_ENABLE_OBJC_ARC = YES;
				CLANG_WARN_BOOL_CONVERSION = YES;
				CLANG_WARN_CONSTANT_CONVERSION = YES;
				CLANG_WARN_DIRECT_OBJC_ISA_USAGE = YES_ERROR;
				CLANG_WARN_EMPTY_BODY = YES;
				CLANG_WARN_ENUM_CONVERSION = YES;
				CLANG_WARN_INT_CONVERSION = YES;
				CLANG_WARN_OBJC_ROOT_CLASS = YES_ERROR;
				CLANG_WARN_UNREACHABLE_CODE = YES;
				CLANG_WARN__DUPLICATE_METHOD_MATCH = YES;
				"CODE_SIGN_IDENTITY[sdk=iphoneos*]" = "iPhone Developer";
				COPY_PHASE_STRIP = NO;
				DEBUG_INFORMATION_FORMAT = "dwarf-with-dsym";
				ENABLE_STRICT_OBJC_MSGSEND = YES;
				GCC_C_LANGUAGE_STANDARD = gnu99;
				GCC_DYNAMIC_NO_PIC = NO;
				GCC_NO_COMMON_BLOCKS = YES;
				GCC_OPTIMIZATION_LEVEL = 0;
				GCC_PREPROCESSOR_DEFINITIONS = (
					"DEBUG=1",
					"$(inherited)",
				);
				GCC_SYMBOLS_PRIVATE_EXTERN = NO;
				GCC_WARN_64_TO_32_BIT_CONVERSION = YES;
				GCC_WARN_ABOUT_RETURN_TYPE = YES_ERROR;
				GCC_WARN_UNDECLARED_SELECTOR = YES;
				GCC_WARN_UNINITIALIZED_AUTOS = YES_AGGRESSIVE;
				GCC_WARN_UNUSED_FUNCTION = YES;
				GCC_WARN_UNUSED_VARIABLE = YES;
				IPHONEOS_DEPLOYMENT_TARGET = 8.3;
				MTL_ENABLE_DEBUG_INFO = YES;
				ONLY_ACTIVE_ARCH = YES;
				SDKROOT = iphoneos;
				SWIFT_OPTIMIZATION_LEVEL = "-Onone";
				TARGETED_DEVICE_FAMILY = "1,2";
			};
			name = Debug;
		};
		ADA0E8FE1B1ADD0300AFB858 /* Release */ = {
			isa = XCBuildConfiguration;
			buildSettings = {
				ALWAYS_SEARCH_USER_PATHS = NO;
				CLANG_CXX_LANGUAGE_STANDARD = "gnu++0x";
				CLANG_CXX_LIBRARY = "libc++";
				CLANG_ENABLE_MODULES = YES;
				CLANG_ENABLE_OBJC_ARC = YES;
				CLANG_WARN_BOOL_CONVERSION = YES;
				CLANG_WARN_CONSTANT_CONVERSION = YES;
				CLANG_WARN_DIRECT_OBJC_ISA_USAGE = YES_ERROR;
				CLANG_WARN_EMPTY_BODY = YES;
				CLANG_WARN_ENUM_CONVERSION = YES;
				CLANG_WARN_INT_CONVERSION = YES;
				CLANG_WARN_OBJC_ROOT_CLASS = YES_ERROR;
				CLANG_WARN_UNREACHABLE_CODE = YES;
				CLANG_WARN__DUPLICATE_METHOD_MATCH = YES;
				"CODE_SIGN_IDENTITY[sdk=iphoneos*]" = "iPhone Developer";
				COPY_PHASE_STRIP = NO;
				DEBUG_INFORMATION_FORMAT = "dwarf-with-dsym";
				ENABLE_NS_ASSERTIONS = NO;
				ENABLE_STRICT_OBJC_MSGSEND = YES;
				GCC_C_LANGUAGE_STANDARD = gnu99;
				GCC_NO_COMMON_BLOCKS = YES;
				GCC_WARN_64_TO_32_BIT_CONVERSION = YES;
				GCC_WARN_ABOUT_RETURN_TYPE = YES_ERROR;
				GCC_WARN_UNDECLARED_SELECTOR = YES;
				GCC_WARN_UNINITIALIZED_AUTOS = YES_AGGRESSIVE;
				GCC_WARN_UNUSED_FUNCTION = YES;
				GCC_WARN_UNUSED_VARIABLE = YES;
				IPHONEOS_DEPLOYMENT_TARGET = 8.3;
				MTL_ENABLE_DEBUG_INFO = NO;
				SDKROOT = iphoneos;
				TARGETED_DEVICE_FAMILY = "1,2";
				VALIDATE_PRODUCT = YES;
			};
			name = Release;
		};
		ADA0E9001B1ADD0300AFB858 /* Debug */ = {
			isa = XCBuildConfiguration;
			baseConfigurationReference = F17931545FBBDE043BC4C3B2 /* Pods-SFUMaps.debug.xcconfig */;
			buildSettings = {
				ASSETCATALOG_COMPILER_APPICON_NAME = AppIcon;
				CLANG_ENABLE_MODULES = YES;
				INFOPLIST_FILE = SFUMaps/Info.plist;
				LD_RUNPATH_SEARCH_PATHS = "$(inherited) @executable_path/Frameworks";
				PRODUCT_NAME = "$(TARGET_NAME)";
				SWIFT_OBJC_BRIDGING_HEADER = "SFUMaps/SFUMaps-Bridging-Header.h";
				SWIFT_OPTIMIZATION_LEVEL = "-Onone";
			};
			name = Debug;
		};
		ADA0E9011B1ADD0300AFB858 /* Release */ = {
			isa = XCBuildConfiguration;
			baseConfigurationReference = 11E1A5AAB1005FD983A601EB /* Pods-SFUMaps.release.xcconfig */;
			buildSettings = {
				ASSETCATALOG_COMPILER_APPICON_NAME = AppIcon;
				CLANG_ENABLE_MODULES = YES;
				INFOPLIST_FILE = SFUMaps/Info.plist;
				LD_RUNPATH_SEARCH_PATHS = "$(inherited) @executable_path/Frameworks";
				PRODUCT_NAME = "$(TARGET_NAME)";
				SWIFT_OBJC_BRIDGING_HEADER = "SFUMaps/SFUMaps-Bridging-Header.h";
			};
			name = Release;
		};
		ADA0E9031B1ADD0300AFB858 /* Debug */ = {
			isa = XCBuildConfiguration;
			buildSettings = {
				BUNDLE_LOADER = "$(TEST_HOST)";
				FRAMEWORK_SEARCH_PATHS = (
					"$(SDKROOT)/Developer/Library/Frameworks",
					"$(inherited)",
				);
				GCC_PREPROCESSOR_DEFINITIONS = (
					"DEBUG=1",
					"$(inherited)",
				);
				INFOPLIST_FILE = SFUMapsTests/Info.plist;
				LD_RUNPATH_SEARCH_PATHS = "$(inherited) @executable_path/Frameworks @loader_path/Frameworks";
				PRODUCT_NAME = "$(TARGET_NAME)";
				TEST_HOST = "$(BUILT_PRODUCTS_DIR)/SFUMaps.app/SFUMaps";
			};
			name = Debug;
		};
		ADA0E9041B1ADD0300AFB858 /* Release */ = {
			isa = XCBuildConfiguration;
			buildSettings = {
				BUNDLE_LOADER = "$(TEST_HOST)";
				FRAMEWORK_SEARCH_PATHS = (
					"$(SDKROOT)/Developer/Library/Frameworks",
					"$(inherited)",
				);
				INFOPLIST_FILE = SFUMapsTests/Info.plist;
				LD_RUNPATH_SEARCH_PATHS = "$(inherited) @executable_path/Frameworks @loader_path/Frameworks";
				PRODUCT_NAME = "$(TARGET_NAME)";
				TEST_HOST = "$(BUILT_PRODUCTS_DIR)/SFUMaps.app/SFUMaps";
			};
			name = Release;
		};
/* End XCBuildConfiguration section */

/* Begin XCConfigurationList section */
		ADA0E8DB1B1ADD0200AFB858 /* Build configuration list for PBXProject "SFUMaps" */ = {
			isa = XCConfigurationList;
			buildConfigurations = (
				ADA0E8FD1B1ADD0300AFB858 /* Debug */,
				ADA0E8FE1B1ADD0300AFB858 /* Release */,
			);
			defaultConfigurationIsVisible = 0;
			defaultConfigurationName = Release;
		};
		ADA0E8FF1B1ADD0300AFB858 /* Build configuration list for PBXNativeTarget "SFUMaps" */ = {
			isa = XCConfigurationList;
			buildConfigurations = (
				ADA0E9001B1ADD0300AFB858 /* Debug */,
				ADA0E9011B1ADD0300AFB858 /* Release */,
			);
			defaultConfigurationIsVisible = 0;
			defaultConfigurationName = Release;
		};
		ADA0E9021B1ADD0300AFB858 /* Build configuration list for PBXNativeTarget "SFUMapsTests" */ = {
			isa = XCConfigurationList;
			buildConfigurations = (
				ADA0E9031B1ADD0300AFB858 /* Debug */,
				ADA0E9041B1ADD0300AFB858 /* Release */,
			);
			defaultConfigurationIsVisible = 0;
			defaultConfigurationName = Release;
		};
/* End XCConfigurationList section */
	};
	rootObject = ADA0E8D81B1ADD0200AFB858 /* Project object */;
}
